hash: 3baa477ea427f8be391b1daf6193fee69ce592756cc589d9e33e910b13003e07
updated: 2018-09-18T08:12:39.012708+12:00
imports:
- name: github.com/bluele/slack
  version: fb5cadcf9ed2433b94f44b2bc046a7f94554533e
- name: github.com/dustin/go-humanize
  version: 259d2a102b871d17f30e3cd9881a642961a1e486
- name: github.com/golang/protobuf
  version: 130e6b02ab059e7b717a096f397c5b60111cae74
  subpackages:
  - proto
- name: github.com/google/go-github
  version: 1048f8804c0e60f23237cfa1b59cc5f521bf9826
  subpackages:
  - github
- name: github.com/google/go-querystring
  version: 53e6ce116135b80d037921a7fdd5138cf32d7a8a
  subpackages:
  - query
- name: github.com/xanzy/go-gitlab
  version: b8189bef4d4ee2b365a2c03a8bc99e4f3600743e
- name: golang.org/x/net
  version: a04bdaca5b32abe1c069418fb7088ae607de5bd0
  subpackages:
  - context
  - context/ctxhttp
- name: golang.org/x/oauth2
  version: bb50c06baba3d0c76f9d125c0719093e315b5b44
  subpackages:
  - internal
- name: google.golang.org/appengine
  version: 24e4144ec923c2374f6b06610c0df16a9222c3d9
  subpackages:
  - internal
  - internal/base
  - internal/datastore
  - internal/log
  - internal/remote_api
  - internal/urlfetch
  - urlfetch
testImports: []
